github.com/dustin/go-jsonpointer v0.0.0-20160814072949-ba0abeacc3dc h1:tP7tkU+vIsEOKiK+l/NSLN4uUtkyuxc6hgYpQeCWAeI=
github.com/dustin/go-jsonpointer v0.0.0-20160814072949-ba0abeacc3dc/go.mod h1:ORH5Qp2bskd9NzSfKqAF7tKfONsEkCarTE5ESr/RVBw=
github.com/dustin/gojson v0.0.0-20160307161227-2e71ec9dd5ad h1:Qk76DOWdOp+GlyDKBAG3Klr9cn7N+LcYc82AZ2S7+cA=
github.com/dustin/gojson v0.0.0-20160307161227-2e71ec9dd5ad/go.mod h1:mPKfmRa823oBIgl2r20LeMSpTAteW5j7FLkc0vjmzyQ=
github.com/dustin/httputil v0.0.0-20170305193905-c47743f54f89 h1:A740DRjmFFdm3+GeYVfs4QN/QMOAbMw8KdsZMDhUCjQ=
github.com/dustin/httputil v0.0.0-20170305193905-c47743f54f89/go.mod h1:ZoDWdnxro8Kesk3zrCNOHNFWtajFPSnDMjVEjGjQu/0=
